
Microsoft Visual Studio Solution File, Format Version 12.00
# Visual Studio 15
VisualStudioVersion = 15.0.28307.1433
MinimumVisualStudioVersion = 10.0.40219.1
Project("{FAE04EC0-301F-11D3-BF4B-00C04F79EFBC}") = "POSProject", "POSProject\POSProject.csproj", "{8E5FE48D-E509-4904-AF32-811F08F73215}"
EndProject
Global
	GlobalSection(SolutionConfigurationPlatforms) = preSolution
		Debug|Any CPU = Debug|Any CPU
		Release|Any CPU = Release|Any CPU
	EndGlobalSection
	GlobalSection(ProjectConfigurationPlatforms) = postSolution
		{8E5FE48D-E509-4904-AF32-811F08F73215}.Debug|Any CPU.ActiveCfg = Debug|Any CPU
		{8E5FE48D-E509-4904-AF32-811F08F73215}.Debug|Any CPU.Build.0 = Debug|Any CPU
		{8E5FE48D-E509-4904-AF32-811F08F73215}.Release|Any CPU.ActiveCfg = Release|Any CPU
		{8E5FE48D-E509-4904-AF32-811F08F73215}.Release|Any CPU.Build.0 = Release|Any CPU
	EndGlobalSection
	GlobalSection(SolutionProperties) = preSolution
		HideSolutionNode = FALSE
	EndGlobalSection
	GlobalSection(ExtensibilityGlobals) = postSolution
		SolutionGuid = {81DF0075-3E41-4D19-8379-B203235FD9AD}
	EndGlobalSection
EndGlobal
